// !$*UTF8*$!
{
	archiveVersion = 1;
	classes = {
	};
	objectVersion = 48;
	objects = {

/* Begin PBXBuildFile section */
		201C29F31DC3D15200C91927 /* PlaySoundsViewController.swift in Sources */ = {isa = PBXBuildFile; fileRef = 201C29F21DC3D15200C91927 /* PlaySoundsViewController.swift */; };
		202A552F1DC4349C00554867 /* PlaySoundsViewController+Audio.swift in Sources */ = {isa = PBXBuildFile; fileRef = 202A552E1DC4349C00554867 /* PlaySoundsViewController+Audio.swift */; };
		20952D4C1DC0372B00419DE5 /* AppDelegate.swift in Sources */ = {isa = PBXBuildFile; fileRef = 20952D4B1DC0372B00419DE5 /* AppDelegate.swift */; };
		20952D4E1DC0372B00419DE5 /* RecordSoundsViewController.swift in Sources */ = {isa = PBXBuildFile; fileRef = 20952D4D1DC0372B00419DE5 /* RecordSoundsViewController.swift */; };
		20952D511DC0372B00419DE5 /* Main.storyboard in Resources */ = {isa = PBXBuildFile; fileRef = 20952D4F1DC0372B00419DE5 /* Main.storyboard */; };
		20952D531DC0372B00419DE5 /* Assets.xcassets in Resources */ = {isa = PBXBuildFile; fileRef = 20952D521DC0372B00419DE5 /* Assets.xcassets */; };
		20952D561DC0372B00419DE5 /* LaunchScreen.storyboard in Resources */ = {isa = PBXBuildFile; fileRef = 20952D541DC0372B00419DE5 /* LaunchScreen.storyboard */; };
		20952D611DC0372B00419DE5 /* VModulatorTests.swift in Sources */ = {isa = PBXBuildFile; fileRef = 20952D601DC0372B00419DE5 /* VModulatorTests.swift */; };
		20952D6C1DC0372B00419DE5 /* VModulatorUITests.swift in Sources */ = {isa = PBXBuildFile; fileRef = 20952D6B1DC0372B00419DE5 /* VModulatorUITests.swift */; };
/* End PBXBuildFile section */

/* Begin PBXContainerItemProxy section */
		20952D5D1DC0372B00419DE5 /* PBXContainerItemProxy */ = {
			isa = PBXContainerItemProxy;
			containerPortal = 20952D401DC0372B00419DE5 /* Project object */;
			proxyType = 1;
			remoteGlobalIDString = 20952D471DC0372B00419DE5;
			remoteInfo = VModulator;
		};
		20952D681DC0372B00419DE5 /* PBXContainerItemProxy */ = {
			isa = PBXContainerItemProxy;
			containerPortal = 20952D401DC0372B00419DE5 /* Project object */;
			proxyType = 1;
			remoteGlobalIDString = 20952D471DC0372B00419DE5;
			remoteInfo = VModulator;
		};
/* End PBXContainerItemProxy section */

/* Begin PBXFileReference section */
		201C29F21DC3D15200C91927 /* PlaySoundsViewController.swift */ = {isa = PBXFileReference; fileEncoding = 4; lastKnownFileType = sourcecode.swift; path = PlaySoundsViewController.swift; sourceTree = "<group>"; };
		202A552E1DC4349C00554867 /* PlaySoundsViewController+Audio.swift */ = {isa = PBXFileReference; fileEncoding = 4; lastKnownFileType = sourcecode.swift; path = "PlaySoundsViewController+Audio.swift"; sourceTree = "<group>"; };
		20952D481DC0372B00419DE5 /* VModulator.app */ = {isa = PBXFileReference; explicitFileType = wrapper.application; includeInIndex = 0; path = VModulator.app; sourceTree = BUILT_PRODUCTS_DIR; };
		20952D4B1DC0372B00419DE5 /* AppDelegate.swift */ = {isa = PBXFileReference; lastKnownFileType = sourcecode.swift; path = AppDelegate.swift; sourceTree = "<group>"; };
		20952D4D1DC0372B00419DE5 /* RecordSoundsViewController.swift */ = {isa = PBXFileReference; lastKnownFileType = sourcecode.swift; path = RecordSoundsViewController.swift; sourceTree = "<group>"; };
		20952D501DC0372B00419DE5 /* Base */ = {isa = PBXFileReference; lastKnownFileType = file.storyboard; name = Base; path = Base.lproj/Main.storyboard; sourceTree = "<group>"; };
		20952D521DC0372B00419DE5 /* Assets.xcassets */ = {isa = PBXFileReference; lastKnownFileType = folder.assetcatalog; path = Assets.xcassets; sourceTree = "<group>"; };
		20952D551DC0372B00419DE5 /* Base */ = {isa = PBXFileReference; lastKnownFileType = file.storyboard; name = Base; path = Base.lproj/LaunchScreen.storyboard; sourceTree = "<group>"; };
		20952D571DC0372B00419DE5 /* Info.plist */ = {isa = PBXFileReference; lastKnownFileType = text.plist.xml; path = Info.plist; sourceTree = "<group>"; };
		20952D5C1DC0372B00419DE5 /* VModulatorTests.xctest */ = {isa = PBXFileReference; explicitFileType = wrapper.cfbundle; includeInIndex = 0; path = VModulatorTests.xctest; sourceTree = BUILT_PRODUCTS_DIR; };
		20952D601DC0372B00419DE5 /* VModulatorTests.swift */ = {isa = PBXFileReference; lastKnownFileType = sourcecode.swift; path = VModulatorTests.swift; sourceTree = "<group>"; };
		20952D621DC0372B00419DE5 /* Info.plist */ = {isa = PBXFileReference; lastKnownFileType = text.plist.xml; path = Info.plist; sourceTree = "<group>"; };
		20952D671DC0372B00419DE5 /* VModulatorUITests.xctest */ = {isa = PBXFileReference; explicitFileType = wrapper.cfbundle; includeInIndex = 0; path = VModulatorUITests.xctest; sourceTree = BUILT_PRODUCTS_DIR; };
		20952D6B1DC0372B00419DE5 /* VModulatorUITests.swift */ = {isa = PBXFileReference; lastKnownFileType = sourcecode.swift; path = VModulatorUITests.swift; sourceTree = "<group>"; };
		20952D6D1DC0372B00419DE5 /* Info.plist */ = {isa = PBXFileReference; lastKnownFileType = text.plist.xml; path = Info.plist; sourceTree = "<group>"; };
/* End PBXFileReference section */

/* Begin PBXFrameworksBuildPhase section */
		20952D451DC0372B00419DE5 /* Frameworks */ = {
			isa = PBXFrameworksBuildPhase;
			buildActionMask = 2147483647;
			files = (
			);
			runOnlyForDeploymentPostprocessing = 0;
		};
		20952D591DC0372B00419DE5 /* Frameworks */ = {
			isa = PBXFrameworksBuildPhase;
			buildActionMask = 2147483647;
			files = (
			);
			runOnlyForDeploymentPostprocessing = 0;
		};
		20952D641DC0372B00419DE5 /* Frameworks */ = {
			isa = PBXFrameworksBuildPhase;
			buildActionMask = 2147483647;
			files = (
			);
			runOnlyForDeploymentPostprocessing = 0;
		};
/* End PBXFrameworksBuildPhase section */

/* Begin PBXGroup section */
		20952D3F1DC0372B00419DE5 = {
			isa = PBXGroup;
			children = (
				20952D4A1DC0372B00419DE5 /* VModulator */,
				20952D5F1DC0372B00419DE5 /* VModulatorTests */,
				20952D6A1DC0372B00419DE5 /* VModulatorUITests */,
				20952D491DC0372B00419DE5 /* Products */,
			);
			sourceTree = "<group>";
		};
		20952D491DC0372B00419DE5 /* Products */ = {
			isa = PBXGroup;
			children = (
				20952D481DC0372B00419DE5 /* VModulator.app */,
				20952D5C1DC0372B00419DE5 /* VModulatorTests.xctest */,
				20952D671DC0372B00419DE5 /* VModulatorUITests.xctest */,
			);
			name = Products;
			sourceTree = "<group>";
		};
		20952D4A1DC0372B00419DE5 /* VModulator */ = {
			isa = PBXGroup;
			children = (
				202A552E1DC4349C00554867 /* PlaySoundsViewController+Audio.swift */,
				20952D4B1DC0372B00419DE5 /* AppDelegate.swift */,
				20952D4D1DC0372B00419DE5 /* RecordSoundsViewController.swift */,
				201C29F21DC3D15200C91927 /* PlaySoundsViewController.swift */,
				20952D4F1DC0372B00419DE5 /* Main.storyboard */,
				20952D521DC0372B00419DE5 /* Assets.xcassets */,
				20952D541DC0372B00419DE5 /* LaunchScreen.storyboard */,
				20952D571DC0372B00419DE5 /* Info.plist */,
			);
			path = VModulator;
			sourceTree = "<group>";
		};
		20952D5F1DC0372B00419DE5 /* VModulatorTests */ = {
			isa = PBXGroup;
			children = (
				20952D601DC0372B00419DE5 /* VModulatorTests.swift */,
				20952D621DC0372B00419DE5 /* Info.plist */,
			);
			path = VModulatorTests;
			sourceTree = "<group>";
		};
		20952D6A1DC0372B00419DE5 /* VModulatorUITests */ = {
			isa = PBXGroup;
			children = (
				20952D6B1DC0372B00419DE5 /* VModulatorUITests.swift */,
				20952D6D1DC0372B00419DE5 /* Info.plist */,
			);
			path = VModulatorUITests;
			sourceTree = "<group>";
		};
/* End PBXGroup section */

/* Begin PBXNativeTarget section */
		20952D471DC0372B00419DE5 /* VModulator */ = {
			isa = PBXNativeTarget;
			buildConfigurationList = 20952D701DC0372B00419DE5 /* Build configuration list for PBXNativeTarget "VModulator" */;
			buildPhases = (
				20952D441DC0372B00419DE5 /* Sources */,
				20952D451DC0372B00419DE5 /* Frameworks */,
				20952D461DC0372B00419DE5 /* Resources */,
			);
			buildRules = (
			);
			dependencies = (
			);
			name = VModulator;
			productName = VModulator;
			productReference = 20952D481DC0372B00419DE5 /* VModulator.app */;
			productType = "com.apple.product-type.application";
		};
		20952D5B1DC0372B00419DE5 /* VModulatorTests */ = {
			isa = PBXNativeTarget;
			buildConfigurationList = 20952D731DC0372B00419DE5 /* Build configuration list for PBXNativeTarget "VModulatorTests" */;
			buildPhases = (
				20952D581DC0372B00419DE5 /* Sources */,
				20952D591DC0372B00419DE5 /* Frameworks */,
				20952D5A1DC0372B00419DE5 /* Resources */,
			);
			buildRules = (
			);
			dependencies = (
				20952D5E1DC0372B00419DE5 /* PBXTargetDependency */,
			);
			name = VModulatorTests;
			productName = VModulatorTests;
			productReference = 20952D5C1DC0372B00419DE5 /* VModulatorTests.xctest */;
			productType = "com.apple.product-type.bundle.unit-test";
		};
		20952D661DC0372B00419DE5 /* VModulatorUITests */ = {
			isa = PBXNativeTarget;
			buildConfigurationList = 20952D761DC0372B00419DE5 /* Build configuration list for PBXNativeTarget "VModulatorUITests" */;
			buildPhases = (
				20952D631DC0372B00419DE5 /* Sources */,
				20952D641DC0372B00419DE5 /* Frameworks */,
				20952D651DC0372B00419DE5 /* Resources */,
			);
			buildRules = (
			);
			dependencies = (
				20952D691DC0372B00419DE5 /* PBXTargetDependency */,
			);
			name = VModulatorUITests;
			productName = VModulatorUITests;
			productReference = 20952D671DC0372B00419DE5 /* VModulatorUITests.xctest */;
			productType = "com.apple.product-type.bundle.ui-testing";
		};
/* End PBXNativeTarget section */

/* Begin PBXProject section */
		20952D401DC0372B00419DE5 /* Project object */ = {
			isa = PBXProject;
			attributes = {
				LastSwiftUpdateCheck = 0800;
				LastUpgradeCheck = 0810;
				ORGANIZATIONNAME = "Stephen Martinez";
				TargetAttributes = {
					20952D471DC0372B00419DE5 = {
						CreatedOnToolsVersion = 8.0;
						ProvisioningStyle = Automatic;
					};
					20952D5B1DC0372B00419DE5 = {
						CreatedOnToolsVersion = 8.0;
						ProvisioningStyle = Automatic;
						TestTargetID = 20952D471DC0372B00419DE5;
					};
					20952D661DC0372B00419DE5 = {
						CreatedOnToolsVersion = 8.0;
						ProvisioningStyle = Automatic;
						TestTargetID = 20952D471DC0372B00419DE5;
					};
				};
			};
			buildConfigurationList = 20952D431DC0372B00419DE5 /* Build configuration list for PBXProject "VModulator" */;
			compatibilityVersion = "Xcode 8.0";
			developmentRegion = English;
			hasScannedForEncodings = 0;
			knownRegions = (
				en,
				Base,
			);
			mainGroup = 20952D3F1DC0372B00419DE5;
			productRefGroup = 20952D491DC0372B00419DE5 /* Products */;
			projectDirPath = "";
			projectRoot = "";
			targets = (
				20952D471DC0372B00419DE5 /* VModulator */,
				20952D5B1DC0372B00419DE5 /* VModulatorTests */,
				20952D661DC0372B00419DE5 /* VModulatorUITests */,
			);
		};
/* End PBXProject section */

/* Begin PBXResourcesBuildPhase section */
		20952D461DC0372B00419DE5 /* Resources */ = {
			isa = PBXResourcesBuildPhase;
			buildActionMask = 2147483647;
			files = (
				20952D561DC0372B00419DE5 /* LaunchScreen.storyboard in Resources */,
				20952D531DC0372B00419DE5 /* Assets.xcassets in Resources */,
				20952D511DC0372B00419DE5 /* Main.storyboard in Resources */,
			);
			runOnlyForDeploymentPostprocessing = 0;
		};
		20952D5A1DC0372B00419DE5 /* Resources */ = {
			isa = PBXResourcesBuildPhase;
			buildActionMask = 2147483647;
			files = (
			);
			runOnlyForDeploymentPostprocessing = 0;
		};
		20952D651DC0372B00419DE5 /* Resources */ = {
			isa = PBXResourcesBuildPhase;
			buildActionMask = 2147483647;
			files = (
			);
			runOnlyForDeploymentPostprocessing = 0;
		};
/* End PBXResourcesBuildPhase section */

/* Begin PBXSourcesBuildPhase section */
		20952D441DC0372B00419DE5 /* Sources */ = {
			isa = PBXSourcesBuildPhase;
			buildActionMask = 2147483647;
			files = (
				20952D4E1DC0372B00419DE5 /* RecordSoundsViewController.swift in Sources */,
				202A552F1DC4349C00554867 /* PlaySoundsViewController+Audio.swift in Sources */,
				201C29F31DC3D15200C91927 /* PlaySoundsViewController.swift in Sources */,
				20952D4C1DC0372B00419DE5 /* AppDelegate.swift in Sources */,
			);
			runOnlyForDeploymentPostprocessing = 0;
		};
		20952D581DC0372B00419DE5 /* Sources */ = {
			isa = PBXSourcesBuildPhase;
			buildActionMask = 2147483647;
			files = (
				20952D611DC0372B00419DE5 /* VModulatorTests.swift in Sources */,
			);
			runOnlyForDeploymentPostprocessing = 0;
		};
		20952D631DC0372B00419DE5 /* Sources */ = {
			isa = PBXSourcesBuildPhase;
			buildActionMask = 2147483647;
			files = (
				20952D6C1DC0372B00419DE5 /* VModulatorUITests.swift in Sources */,
			);
			runOnlyForDeploymentPostprocessing = 0;
		};
/* End PBXSourcesBuildPhase section */

/* Begin PBXTargetDependency section */
		20952D5E1DC0372B00419DE5 /* PBXTargetDependency */ = {
			isa = PBXTargetDependency;
			target = 20952D471DC0372B00419DE5 /* VModulator */;
			targetProxy = 20952D5D1DC0372B00419DE5 /* PBXContainerItemProxy */;
		};
		20952D691DC0372B00419DE5 /* PBXTargetDependency */ = {
			isa = PBXTargetDependency;
			target = 20952D471DC0372B00419DE5 /* VModulator */;
			targetProxy = 20952D681DC0372B00419DE5 /* PBXContainerItemProxy */;
		};
/* End PBXTargetDependency section */

/* Begin PBXVariantGroup section */
		20952D4F1DC0372B00419DE5 /* Main.storyboard */ = {
			isa = PBXVariantGroup;
			children = (
				20952D501DC0372B00419DE5 /* Base */,
			);
			name = Main.storyboard;
			sourceTree = "<group>";
		};
		20952D541DC0372B00419DE5 /* LaunchScreen.storyboard */ = {
			isa = PBXVariantGroup;
			children = (
				20952D551DC0372B00419DE5 /* Base */,
			);
			name = LaunchScreen.storyboard;
			sourceTree = "<group>";
		};
/* End PBXVariantGroup section */

/* Begin XCBuildConfiguration section */
		20952D6E1DC0372B00419DE5 /* Debug */ = {
			isa = XCBuildConfiguration;
			buildSettings = {
				ALWAYS_SEARCH_USER_PATHS = NO;
				CLANG_ANALYZER_NONNULL = YES;
				CLANG_CXX_LANGUAGE_STANDARD = "gnu++0x";
				CLANG_CXX_LIBRARY = "libc++";
				CLANG_ENABLE_MODULES = YES;
				CLANG_ENABLE_OBJC_ARC = YES;
				CLANG_WARN_BOOL_CONVERSION = YES;
				CLANG_WARN_CONSTANT_CONVERSION = YES;
				CLANG_WARN_DIRECT_OBJC_ISA_USAGE = YES_ERROR;
				CLANG_WARN_DOCUMENTATION_COMMENTS = YES;
				CLANG_WARN_EMPTY_BODY = YES;
				CLANG_WARN_ENUM_CONVERSION = YES;
				CLANG_WARN_INFINITE_RECURSION = YES;
				CLANG_WARN_INT_CONVERSION = YES;
				CLANG_WARN_OBJC_ROOT_CLASS = YES_ERROR;
				CLANG_WARN_SUSPICIOUS_MOVE = YES;
				CLANG_WARN_SUSPICIOUS_MOVES = YES;
				CLANG_WARN_UNREACHABLE_CODE = YES;
				CLANG_WARN__DUPLICATE_METHOD_MATCH = YES;
				"CODE_SIGN_IDENTITY[sdk=iphoneos*]" = "iPhone Developer";
				COPY_PHASE_STRIP = NO;
				DEBUG_INFORMATION_FORMAT = dwarf;
				ENABLE_STRICT_OBJC_MSGSEND = YES;
				ENABLE_TESTABILITY = YES;
				GCC_C_LANGUAGE_STANDARD = gnu99;
				GCC_DYNAMIC_NO_PIC = NO;
				GCC_NO_COMMON_BLOCKS = YES;
				GCC_OPTIMIZATION_LEVEL = 0;
				GCC_PREPROCESSOR_DEFINITIONS = (
					"DEBUG=1",
					"$(inherited)",
				);
				GCC_WARN_64_TO_32_BIT_CONVERSION = YES;
				GCC_WARN_ABOUT_RETURN_TYPE = YES_ERROR;
				GCC_WARN_UNDECLARED_SELECTOR = YES;
				GCC_WARN_UNINITIALIZED_AUTOS = YES_AGGRESSIVE;
				GCC_WARN_UNUSED_FUNCTION = YES;
				GCC_WARN_UNUSED_VARIABLE = YES;
				IPHONEOS_DEPLOYMENT_TARGET = 10.0;
				MTL_ENABLE_DEBUG_INFO = YES;
				ONLY_ACTIVE_ARCH = YES;
				SDKROOT = iphoneos;
				SWIFT_ACTIVE_COMPILATION_CONDITIONS = DEBUG;
				SWIFT_OPTIMIZATION_LEVEL = "-Onone";
				TARGETED_DEVICE_FAMILY = "1,2";
			};
			name = Debug;
		};
		20952D6F1DC0372B00419DE5 /* Release */ = {
			isa = XCBuildConfiguration;
			buildSettings = {
				ALWAYS_SEARCH_USER_PATHS = NO;
				CLANG_ANALYZER_NONNULL = YES;
				CLANG_CXX_LANGUAGE_STANDARD = "gnu++0x";
				CLANG_CXX_LIBRARY = "libc++";
				CLANG_ENABLE_MODULES = YES;
				CLANG_ENABLE_OBJC_ARC = YES;
				CLANG_WARN_BOOL_CONVERSION = YES;
				CLANG_WARN_CONSTANT_CONVERSION = YES;
				CLANG_WARN_DIRECT_OBJC_ISA_USAGE = YES_ERROR;
				CLANG_WARN_DOCUMENTATION_COMMENTS = YES;
				CLANG_WARN_EMPTY_BODY = YES;
				CLANG_WARN_ENUM_CONVERSION = YES;
				CLANG_WARN_INFINITE_RECURSION = YES;
				CLANG_WARN_INT_CONVERSION = YES;
				CLANG_WARN_OBJC_ROOT_CLASS = YES_ERROR;
				CLANG_WARN_SUSPICIOUS_MOVE = YES;
				CLANG_WARN_SUSPICIOUS_MOVES = YES;
				CLANG_WARN_UNREACHABLE_CODE = YES;
				CLANG_WARN__DUPLICATE_METHOD_MATCH = YES;
				"CODE_SIGN_IDENTITY[sdk=iphoneos*]" = "iPhone Developer";
				COPY_PHASE_STRIP = NO;
				DEBUG_INFORMATION_FORMAT = "dwarf-with-dsym";
				ENABLE_NS_ASSERTIONS = NO;
				ENABLE_STRICT_OBJC_MSGSEND = YES;
				GCC_C_LANGUAGE_STANDARD = gnu99;
				GCC_NO_COMMON_BLOCKS = YES;
				GCC_WARN_64_TO_32_BIT_CONVERSION = YES;
				GCC_WARN_ABOUT_RETURN_TYPE = YES_ERROR;
				GCC_WARN_UNDECLARED_SELECTOR = YES;
				GCC_WARN_UNINITIALIZED_AUTOS = YES_AGGRESSIVE;
				GCC_WARN_UNUSED_FUNCTION = YES;
				GCC_WARN_UNUSED_VARIABLE = YES;
				IPHONEOS_DEPLOYMENT_TARGET = 10.0;
				MTL_ENABLE_DEBUG_INFO = NO;
				SDKROOT = iphoneos;
				SWIFT_OPTIMIZATION_LEVEL = "-Owholemodule";
				TARGETED_DEVICE_FAMILY = "1,2";
				VALIDATE_PRODUCT = YES;
			};
			name = Release;
		};
		20952D711DC0372B00419DE5 /* Debug */ = {
			isa = XCBuildConfiguration;
			buildSettings = {
				ASSETCATALOG_COMPILER_APPICON_NAME = AppIcon;
				DEVELOPMENT_TEAM = P6Y8F6EN66;
				INFOPLIST_FILE = VModulator/Info.plist;
				LD_RUNPATH_SEARCH_PATHS = "$(inherited) @executable_path/Frameworks";
				PRODUCT_BUNDLE_IDENTIFIER = enuance.VModulator;
				PRODUCT_NAME = "$(TARGET_NAME)";
				SWIFT_VERSION = 3.0;
				TARGETED_DEVICE_FAMILY = 1;
			};
			name = Debug;
		};
		20952D721DC0372B00419DE5 /* Release */ = {
			isa = XCBuildConfiguration;
			buildSettings = {
				ASSETCATALOG_COMPILER_APPICON_NAME = AppIcon;
				DEVELOPMENT_TEAM = P6Y8F6EN66;
				INFOPLIST_FILE = VModulator/Info.plist;
				LD_RUNPATH_SEARCH_PATHS = "$(inherited) @executable_path/Frameworks";
				PRODUCT_BUNDLE_IDENTIFIER = enuance.VModulator;
				PRODUCT_NAME = "$(TARGET_NAME)";
				SWIFT_VERSION = 3.0;
				TARGETED_DEVICE_FAMILY = 1;
			};
			name = Release;
		};
		20952D741DC0372B00419DE5 /* Debug */ = {
			isa = XCBuildConfiguration;
			buildSettings = {
				ALWAYS_EMBED_SWIFT_STANDARD_LIBRARIES = YES;
				BUNDLE_LOADER = "$(TEST_HOST)";
				INFOPLIST_FILE = VModulatorTests/Info.plist;
				LD_RUNPATH_SEARCH_PATHS = "$(inherited) @executable_path/Frameworks @loader_path/Frameworks";
				PRODUCT_BUNDLE_IDENTIFIER = enuance.VModulatorTests;
				PRODUCT_NAME = "$(TARGET_NAME)";
				SWIFT_VERSION = 3.0;
				TEST_HOST = "$(BUILT_PRODUCTS_DIR)/VModulator.app/VModulator";
			};
			name = Debug;
		};
		20952D751DC0372B00419DE5 /* Release */ = {
			isa = XCBuildConfiguration;
			buildSettings = {
				ALWAYS_EMBED_SWIFT_STANDARD_LIBRARIES = YES;
				BUNDLE_LOADER = "$(TEST_HOST)";
				INFOPLIST_FILE = VModulatorTests/Info.plist;
				LD_RUNPATH_SEARCH_PATHS = "$(inherited) @executable_path/Frameworks @loader_path/Frameworks";
				PRODUCT_BUNDLE_IDENTIFIER = enuance.VModulatorTests;
				PRODUCT_NAME = "$(TARGET_NAME)";
				SWIFT_VERSION = 3.0;
				TEST_HOST = "$(BUILT_PRODUCTS_DIR)/VModulator.app/VModulator";
			};
			name = Release;
		};
		20952D771DC0372B00419DE5 /* Debug */ = {
			isa = XCBuildConfiguration;
			buildSettings = {
				ALWAYS_EMBED_SWIFT_STANDARD_LIBRARIES = YES;
				INFOPLIST_FILE = VModulatorUITests/Info.plist;
				LD_RUNPATH_SEARCH_PATHS = "$(inherited) @executable_path/Frameworks @loader_path/Frameworks";
				PRODUCT_BUNDLE_IDENTIFIER = enuance.VModulatorUITests;
				PRODUCT_NAME = "$(TARGET_NAME)";
				SWIFT_VERSION = 3.0;
				TEST_TARGET_NAME = VModulator;
			};
			name = Debug;
		};
		20952D781DC0372B00419DE5 /* Release */ = {
			isa = XCBuildConfiguration;
			buildSettings = {
				ALWAYS_EMBED_SWIFT_STANDARD_LIBRARIES = YES;
				INFOPLIST_FILE = VModulatorUITests/Info.plist;
				LD_RUNPATH_SEARCH_PATHS = "$(inherited) @executable_path/Frameworks @loader_path/Frameworks";
				PRODUCT_BUNDLE_IDENTIFIER = enuance.VModulatorUITests;
				PRODUCT_NAME = "$(TARGET_NAME)";
				SWIFT_VERSION = 3.0;
				TEST_TARGET_NAME = VModulator;
			};
			name = Release;
		};
/* End XCBuildConfiguration section */

/* Begin XCConfigurationList section */
		20952D431DC0372B00419DE5 /* Build configuration list for PBXProject "VModulator" */ = {
			isa = XCConfigurationList;
			buildConfigurations = (
				20952D6E1DC0372B00419DE5 /* Debug */,
				20952D6F1DC0372B00419DE5 /* Release */,
			);
			defaultConfigurationIsVisible = 0;
			defaultConfigurationName = Release;
		};
		20952D701DC0372B00419DE5 /* Build configuration list for PBXNativeTarget "VModulator" */ = {
			isa = XCConfigurationList;
			buildConfigurations = (
				20952D711DC0372B00419DE5 /* Debug */,
				20952D721DC0372B00419DE5 /* Release */,
			);
			defaultConfigurationIsVisible = 0;
			defaultConfigurationName = Release;
		};
		20952D731DC0372B00419DE5 /* Build configuration list for PBXNativeTarget "VModulatorTests" */ = {
			isa = XCConfigurationList;
			buildConfigurations = (
				20952D741DC0372B00419DE5 /* Debug */,
				20952D751DC0372B00419DE5 /* Release */,
			);
			defaultConfigurationIsVisible = 0;
			defaultConfigurationName = Release;
		};
		20952D761DC0372B00419DE5 /* Build configuration list for PBXNativeTarget "VModulatorUITests" */ = {
			isa = XCConfigurationList;
			buildConfigurations = (
				20952D771DC0372B00419DE5 /* Debug */,
				20952D781DC0372B00419DE5 /* Release */,
			);
			defaultConfigurationIsVisible = 0;
			defaultConfigurationName = Release;
		};
/* End XCConfigurationList section */
	};
	rootObject = 20952D401DC0372B00419DE5 /* Project object */;
}
